// !$*UTF8*$!
{
	archiveVersion = 1;
	classes = {
	};
	objectVersion = 56;
	objects = {

/* Begin PBXBuildFile section */
		B30BEFDC2A554CBF0032F78B /* GenericError.swift in Sources */ = {isa = PBXBuildFile; fileRef = B30BEFDB2A554CBF0032F78B /* GenericError.swift */; };
		B30BEFE02A55E1080032F78B /* ListenerScreenObject.swift in Sources */ = {isa = PBXBuildFile; fileRef = B30BEFDE2A5576BF0032F78B /* ListenerScreenObject.swift */; };
		B3C1E0642A5344AF00342DEF /* FirebaseAuthApp.swift in Sources */ = {isa = PBXBuildFile; fileRef = B3C1E0632A5344AF00342DEF /* FirebaseAuthApp.swift */; };
		B3C1E0662A5344AF00342DEF /* HomeScreen.swift in Sources */ = {isa = PBXBuildFile; fileRef = B3C1E0652A5344AF00342DEF /* HomeScreen.swift */; };
		B3C1E0682A5344B000342DEF /* Assets.xcassets in Resources */ = {isa = PBXBuildFile; fileRef = B3C1E0672A5344B000342DEF /* Assets.xcassets */; };
		B3C1E06B2A5344B000342DEF /* Preview Assets.xcassets in Resources */ = {isa = PBXBuildFile; fileRef = B3C1E06A2A5344B000342DEF /* Preview Assets.xcassets */; };
		B3C1E0752A5344B000342DEF /* firebase_auth_pocTests.swift in Sources */ = {isa = PBXBuildFile; fileRef = B3C1E0742A5344B000342DEF /* firebase_auth_pocTests.swift */; };
		B3C1E07F2A5344B000342DEF /* firebase_auth_pocUITests.swift in Sources */ = {isa = PBXBuildFile; fileRef = B3C1E07E2A5344B000342DEF /* firebase_auth_pocUITests.swift */; };
		B3C1E0812A5344B000342DEF /* firebase_auth_pocUITestsLaunchTests.swift in Sources */ = {isa = PBXBuildFile; fileRef = B3C1E0802A5344B000342DEF /* firebase_auth_pocUITestsLaunchTests.swift */; };
		B3D4AD472A549B9300B26A84 /* GoogleService-Info.plist in Resources */ = {isa = PBXBuildFile; fileRef = B3D4AD462A549B9300B26A84 /* GoogleService-Info.plist */; };
		B3D4AD492A54A17D00B26A84 /* PresenterScreen.swift in Sources */ = {isa = PBXBuildFile; fileRef = B3D4AD482A54A17D00B26A84 /* PresenterScreen.swift */; };
		B3D4AD4C2A54A30600B26A84 /* ListenerScreen.swift in Sources */ = {isa = PBXBuildFile; fileRef = B3D4AD4B2A54A30600B26A84 /* ListenerScreen.swift */; };
		B3D4AD4F2A54A68C00B26A84 /* PresenterScreenObject.swift in Sources */ = {isa = PBXBuildFile; fileRef = B3D4AD4E2A54A68C00B26A84 /* PresenterScreenObject.swift */; };
		B3DBC6F42A541984003FCCC6 /* FirebaseAuth in Frameworks */ = {isa = PBXBuildFile; productRef = B3DBC6F32A541984003FCCC6 /* FirebaseAuth */; };
		B3DBC6F62A541984003FCCC6 /* FirebaseAuthCombine-Community in Frameworks */ = {isa = PBXBuildFile; productRef = B3DBC6F52A541984003FCCC6 /* FirebaseAuthCombine-Community */; };
		B3DBC6F82A541984003FCCC6 /* FirebaseDatabaseSwift in Frameworks */ = {isa = PBXBuildFile; productRef = B3DBC6F72A541984003FCCC6 /* FirebaseDatabaseSwift */; };
		B3DBC6FA2A541CC4003FCCC6 /* AppDelegate.swift in Sources */ = {isa = PBXBuildFile; fileRef = B3DBC6F92A541CC4003FCCC6 /* AppDelegate.swift */; };
/* End PBXBuildFile section */

/* Begin PBXContainerItemProxy section */
		B3C1E0712A5344B000342DEF /* PBXContainerItemProxy */ = {
			isa = PBXContainerItemProxy;
			containerPortal = B3C1E0582A5344AF00342DEF /* Project object */;
			proxyType = 1;
			remoteGlobalIDString = B3C1E05F2A5344AF00342DEF;
			remoteInfo = "firebase-auth-poc";
		};
		B3C1E07B2A5344B000342DEF /* PBXContainerItemProxy */ = {
			isa = PBXContainerItemProxy;
			containerPortal = B3C1E0582A5344AF00342DEF /* Project object */;
			proxyType = 1;
			remoteGlobalIDString = B3C1E05F2A5344AF00342DEF;
			remoteInfo = "firebase-auth-poc";
		};
/* End PBXContainerItemProxy section */

/* Begin PBXFileReference section */
		B30BEFDB2A554CBF0032F78B /* GenericError.swift */ = {isa = PBXFileReference; lastKnownFileType = sourcecode.swift; path = GenericError.swift; sourceTree = "<group>"; };
		B30BEFDE2A5576BF0032F78B /* ListenerScreenObject.swift */ = {isa = PBXFileReference; lastKnownFileType = sourcecode.swift; path = ListenerScreenObject.swift; sourceTree = "<group>"; };
		B3C1E0602A5344AF00342DEF /* firebase-auth-poc.app */ = {isa = PBXFileReference; explicitFileType = wrapper.application; includeInIndex = 0; path = "firebase-auth-poc.app"; sourceTree = BUILT_PRODUCTS_DIR; };
		B3C1E0632A5344AF00342DEF /* FirebaseAuthApp.swift */ = {isa = PBXFileReference; lastKnownFileType = sourcecode.swift; path = FirebaseAuthApp.swift; sourceTree = "<group>"; };
		B3C1E0652A5344AF00342DEF /* HomeScreen.swift */ = {isa = PBXFileReference; lastKnownFileType = sourcecode.swift; path = HomeScreen.swift; sourceTree = "<group>"; };
		B3C1E0672A5344B000342DEF /* Assets.xcassets */ = {isa = PBXFileReference; lastKnownFileType = folder.assetcatalog; path = Assets.xcassets; sourceTree = "<group>"; };
		B3C1E06A2A5344B000342DEF /* Preview Assets.xcassets */ = {isa = PBXFileReference; lastKnownFileType = folder.assetcatalog; path = "Preview Assets.xcassets"; sourceTree = "<group>"; };
		B3C1E0702A5344B000342DEF /* firebase-auth-pocTests.xctest */ = {isa = PBXFileReference; explicitFileType = wrapper.cfbundle; includeInIndex = 0; path = "firebase-auth-pocTests.xctest"; sourceTree = BUILT_PRODUCTS_DIR; };
		B3C1E0742A5344B000342DEF /* firebase_auth_pocTests.swift */ = {isa = PBXFileReference; lastKnownFileType = sourcecode.swift; path = firebase_auth_pocTests.swift; sourceTree = "<group>"; };
		B3C1E07A2A5344B000342DEF /* firebase-auth-pocUITests.xctest */ = {isa = PBXFileReference; explicitFileType = wrapper.cfbundle; includeInIndex = 0; path = "firebase-auth-pocUITests.xctest"; sourceTree = BUILT_PRODUCTS_DIR; };
		B3C1E07E2A5344B000342DEF /* firebase_auth_pocUITests.swift */ = {isa = PBXFileReference; lastKnownFileType = sourcecode.swift; path = firebase_auth_pocUITests.swift; sourceTree = "<group>"; };
		B3C1E0802A5344B000342DEF /* firebase_auth_pocUITestsLaunchTests.swift */ = {isa = PBXFileReference; lastKnownFileType = sourcecode.swift; path = firebase_auth_pocUITestsLaunchTests.swift; sourceTree = "<group>"; };
		B3D4AD462A549B9300B26A84 /* GoogleService-Info.plist */ = {isa = PBXFileReference; fileEncoding = 4; lastKnownFileType = text.plist.xml; path = "GoogleService-Info.plist"; sourceTree = "<group>"; };
		B3D4AD482A54A17D00B26A84 /* PresenterScreen.swift */ = {isa = PBXFileReference; lastKnownFileType = sourcecode.swift; path = PresenterScreen.swift; sourceTree = "<group>"; };
		B3D4AD4B2A54A30600B26A84 /* ListenerScreen.swift */ = {isa = PBXFileReference; lastKnownFileType = sourcecode.swift; path = ListenerScreen.swift; sourceTree = "<group>"; };
		B3D4AD4E2A54A68C00B26A84 /* PresenterScreenObject.swift */ = {isa = PBXFileReference; lastKnownFileType = sourcecode.swift; path = PresenterScreenObject.swift; sourceTree = "<group>"; };
		B3DBC6F92A541CC4003FCCC6 /* AppDelegate.swift */ = {isa = PBXFileReference; lastKnownFileType = sourcecode.swift; path = AppDelegate.swift; sourceTree = "<group>"; };
/* End PBXFileReference section */

/* Begin PBXFrameworksBuildPhase section */
		B3C1E05D2A5344AF00342DEF /* Frameworks */ = {
			isa = PBXFrameworksBuildPhase;
			buildActionMask = 2147483647;
			files = (
				B3DBC6F82A541984003FCCC6 /* FirebaseDatabaseSwift in Frameworks */,
				B3DBC6F42A541984003FCCC6 /* FirebaseAuth in Frameworks */,
				B3DBC6F62A541984003FCCC6 /* FirebaseAuthCombine-Community in Frameworks */,
			);
			runOnlyForDeploymentPostprocessing = 0;
		};
		B3C1E06D2A5344B000342DEF /* Frameworks */ = {
			isa = PBXFrameworksBuildPhase;
			buildActionMask = 2147483647;
			files = (
			);
			runOnlyForDeploymentPostprocessing = 0;
		};
		B3C1E0772A5344B000342DEF /* Frameworks */ = {
			isa = PBXFrameworksBuildPhase;
			buildActionMask = 2147483647;
			files = (
			);
			runOnlyForDeploymentPostprocessing = 0;
		};
/* End PBXFrameworksBuildPhase section */

/* Begin PBXGroup section */
		B30BEFDD2A5576A30032F78B /* Listener */ = {
			isa = PBXGroup;
			children = (
				B3D4AD4B2A54A30600B26A84 /* ListenerScreen.swift */,
				B30BEFDE2A5576BF0032F78B /* ListenerScreenObject.swift */,
			);
			path = Listener;
			sourceTree = "<group>";
		};
		B3C1E0572A5344AF00342DEF = {
			isa = PBXGroup;
			children = (
				B3C1E0622A5344AF00342DEF /* firebase-auth-poc */,
				B3C1E0732A5344B000342DEF /* firebase-auth-pocTests */,
				B3C1E07D2A5344B000342DEF /* firebase-auth-pocUITests */,
				B3C1E0612A5344AF00342DEF /* Products */,
			);
			sourceTree = "<group>";
		};
		B3C1E0612A5344AF00342DEF /* Products */ = {
			isa = PBXGroup;
			children = (
				B3C1E0602A5344AF00342DEF /* firebase-auth-poc.app */,
				B3C1E0702A5344B000342DEF /* firebase-auth-pocTests.xctest */,
				B3C1E07A2A5344B000342DEF /* firebase-auth-pocUITests.xctest */,
			);
			name = Products;
			sourceTree = "<group>";
		};
		B3C1E0622A5344AF00342DEF /* firebase-auth-poc */ = {
			isa = PBXGroup;
			children = (
				B3D4AD4A2A54A1C000B26A84 /* UI */,
				B3D4AD462A549B9300B26A84 /* GoogleService-Info.plist */,
				B3C1E0632A5344AF00342DEF /* FirebaseAuthApp.swift */,
				B3C1E0672A5344B000342DEF /* Assets.xcassets */,
				B3C1E0692A5344B000342DEF /* Preview Content */,
				B3DBC6F92A541CC4003FCCC6 /* AppDelegate.swift */,
				B30BEFDB2A554CBF0032F78B /* GenericError.swift */,
			);
			path = "firebase-auth-poc";
			sourceTree = "<group>";
		};
		B3C1E0692A5344B000342DEF /* Preview Content */ = {
			isa = PBXGroup;
			children = (
				B3C1E06A2A5344B000342DEF /* Preview Assets.xcassets */,
			);
			path = "Preview Content";
			sourceTree = "<group>";
		};
		B3C1E0732A5344B000342DEF /* firebase-auth-pocTests */ = {
			isa = PBXGroup;
			children = (
				B3C1E0742A5344B000342DEF /* firebase_auth_pocTests.swift */,
			);
			path = "firebase-auth-pocTests";
			sourceTree = "<group>";
		};
		B3C1E07D2A5344B000342DEF /* firebase-auth-pocUITests */ = {
			isa = PBXGroup;
			children = (
				B3C1E07E2A5344B000342DEF /* firebase_auth_pocUITests.swift */,
				B3C1E0802A5344B000342DEF /* firebase_auth_pocUITestsLaunchTests.swift */,
			);
			path = "firebase-auth-pocUITests";
			sourceTree = "<group>";
		};
		B3D4AD4A2A54A1C000B26A84 /* UI */ = {
			isa = PBXGroup;
			children = (
				B3C1E0652A5344AF00342DEF /* HomeScreen.swift */,
				B3D4AD4D2A54A60100B26A84 /* Presenter */,
				B30BEFDD2A5576A30032F78B /* Listener */,
			);
			path = UI;
			sourceTree = "<group>";
		};
		B3D4AD4D2A54A60100B26A84 /* Presenter */ = {
			isa = PBXGroup;
			children = (
				B3D4AD482A54A17D00B26A84 /* PresenterScreen.swift */,
				B3D4AD4E2A54A68C00B26A84 /* PresenterScreenObject.swift */,
			);
			path = Presenter;
			sourceTree = "<group>";
		};
/* End PBXGroup section */

/* Begin PBXNativeTarget section */
		B3C1E05F2A5344AF00342DEF /* firebase-auth-poc */ = {
			isa = PBXNativeTarget;
			buildConfigurationList = B3C1E0842A5344B000342DEF /* Build configuration list for PBXNativeTarget "firebase-auth-poc" */;
			buildPhases = (
				B3C1E05C2A5344AF00342DEF /* Sources */,
				B3C1E05D2A5344AF00342DEF /* Frameworks */,
				B3C1E05E2A5344AF00342DEF /* Resources */,
			);
			buildRules = (
			);
			dependencies = (
			);
			name = "firebase-auth-poc";
			packageProductDependencies = (
				B3DBC6F32A541984003FCCC6 /* FirebaseAuth */,
				B3DBC6F52A541984003FCCC6 /* FirebaseAuthCombine-Community */,
				B3DBC6F72A541984003FCCC6 /* FirebaseDatabaseSwift */,
			);
			productName = "firebase-auth-poc";
			productReference = B3C1E0602A5344AF00342DEF /* firebase-auth-poc.app */;
			productType = "com.apple.product-type.application";
		};
		B3C1E06F2A5344B000342DEF /* firebase-auth-pocTests */ = {
			isa = PBXNativeTarget;
			buildConfigurationList = B3C1E0872A5344B000342DEF /* Build configuration list for PBXNativeTarget "firebase-auth-pocTests" */;
			buildPhases = (
				B3C1E06C2A5344B000342DEF /* Sources */,
				B3C1E06D2A5344B000342DEF /* Frameworks */,
				B3C1E06E2A5344B000342DEF /* Resources */,
			);
			buildRules = (
			);
			dependencies = (
				B3C1E0722A5344B000342DEF /* PBXTargetDependency */,
			);
			name = "firebase-auth-pocTests";
			productName = "firebase-auth-pocTests";
			productReference = B3C1E0702A5344B000342DEF /* firebase-auth-pocTests.xctest */;
			productType = "com.apple.product-type.bundle.unit-test";
		};
		B3C1E0792A5344B000342DEF /* firebase-auth-pocUITests */ = {
			isa = PBXNativeTarget;
			buildConfigurationList = B3C1E08A2A5344B000342DEF /* Build configuration list for PBXNativeTarget "firebase-auth-pocUITests" */;
			buildPhases = (
				B3C1E0762A5344B000342DEF /* Sources */,
				B3C1E0772A5344B000342DEF /* Frameworks */,
				B3C1E0782A5344B000342DEF /* Resources */,
			);
			buildRules = (
			);
			dependencies = (
				B3C1E07C2A5344B000342DEF /* PBXTargetDependency */,
			);
			name = "firebase-auth-pocUITests";
			productName = "firebase-auth-pocUITests";
			productReference = B3C1E07A2A5344B000342DEF /* firebase-auth-pocUITests.xctest */;
			productType = "com.apple.product-type.bundle.ui-testing";
		};
/* End PBXNativeTarget section */

/* Begin PBXProject section */
		B3C1E0582A5344AF00342DEF /* Project object */ = {
			isa = PBXProject;
			attributes = {
				BuildIndependentTargetsInParallel = 1;
				LastSwiftUpdateCheck = 1410;
				LastUpgradeCheck = 1410;
				TargetAttributes = {
					B3C1E05F2A5344AF00342DEF = {
						CreatedOnToolsVersion = 14.1;
					};
					B3C1E06F2A5344B000342DEF = {
						CreatedOnToolsVersion = 14.1;
						TestTargetID = B3C1E05F2A5344AF00342DEF;
					};
					B3C1E0792A5344B000342DEF = {
						CreatedOnToolsVersion = 14.1;
						TestTargetID = B3C1E05F2A5344AF00342DEF;
					};
				};
			};
			buildConfigurationList = B3C1E05B2A5344AF00342DEF /* Build configuration list for PBXProject "firebase-auth-poc" */;
			compatibilityVersion = "Xcode 14.0";
			developmentRegion = en;
			hasScannedForEncodings = 0;
			knownRegions = (
				en,
				Base,
			);
			mainGroup = B3C1E0572A5344AF00342DEF;
			packageReferences = (
				B3DBC6F22A541984003FCCC6 /* XCRemoteSwiftPackageReference "firebase-ios-sdk" */,
			);
			productRefGroup = B3C1E0612A5344AF00342DEF /* Products */;
			projectDirPath = "";
			projectRoot = "";
			targets = (
				B3C1E05F2A5344AF00342DEF /* firebase-auth-poc */,
				B3C1E06F2A5344B000342DEF /* firebase-auth-pocTests */,
				B3C1E0792A5344B000342DEF /* firebase-auth-pocUITests */,
			);
		};
/* End PBXProject section */

/* Begin PBXResourcesBuildPhase section */
		B3C1E05E2A5344AF00342DEF /* Resources */ = {
			isa = PBXResourcesBuildPhase;
			buildActionMask = 2147483647;
			files = (
				B3C1E06B2A5344B000342DEF /* Preview Assets.xcassets in Resources */,
				B3C1E0682A5344B000342DEF /* Assets.xcassets in Resources */,
				B3D4AD472A549B9300B26A84 /* GoogleService-Info.plist in Resources */,
			);
			runOnlyForDeploymentPostprocessing = 0;
		};
		B3C1E06E2A5344B000342DEF /* Resources */ = {
			isa = PBXResourcesBuildPhase;
			buildActionMask = 2147483647;
			files = (
			);
			runOnlyForDeploymentPostprocessing = 0;
		};
		B3C1E0782A5344B000342DEF /* Resources */ = {
			isa = PBXResourcesBuildPhase;
			buildActionMask = 2147483647;
			files = (
			);
			runOnlyForDeploymentPostprocessing = 0;
		};
/* End PBXResourcesBuildPhase section */

/* Begin PBXSourcesBuildPhase section */
		B3C1E05C2A5344AF00342DEF /* Sources */ = {
			isa = PBXSourcesBuildPhase;
			buildActionMask = 2147483647;
			files = (
				B3D4AD492A54A17D00B26A84 /* PresenterScreen.swift in Sources */,
				B3DBC6FA2A541CC4003FCCC6 /* AppDelegate.swift in Sources */,
				B30BEFE02A55E1080032F78B /* ListenerScreenObject.swift in Sources */,
				B3D4AD4C2A54A30600B26A84 /* ListenerScreen.swift in Sources */,
				B3D4AD4F2A54A68C00B26A84 /* PresenterScreenObject.swift in Sources */,
				B3C1E0662A5344AF00342DEF /* HomeScreen.swift in Sources */,
				B3C1E0642A5344AF00342DEF /* FirebaseAuthApp.swift in Sources */,
				B30BEFDC2A554CBF0032F78B /* GenericError.swift in Sources */,
			);
			runOnlyForDeploymentPostprocessing = 0;
		};
		B3C1E06C2A5344B000342DEF /* Sources */ = {
			isa = PBXSourcesBuildPhase;
			buildActionMask = 2147483647;
			files = (
				B3C1E0752A5344B000342DEF /* firebase_auth_pocTests.swift in Sources */,
			);
			runOnlyForDeploymentPostprocessing = 0;
		};
		B3C1E0762A5344B000342DEF /* Sources */ = {
			isa = PBXSourcesBuildPhase;
			buildActionMask = 2147483647;
			files = (
				B3C1E0812A5344B000342DEF /* firebase_auth_pocUITestsLaunchTests.swift in Sources */,
				B3C1E07F2A5344B000342DEF /* firebase_auth_pocUITests.swift in Sources */,
			);
			runOnlyForDeploymentPostprocessing = 0;
		};
/* End PBXSourcesBuildPhase section */

/* Begin PBXTargetDependency section */
		B3C1E0722A5344B000342DEF /* PBXTargetDependency */ = {
			isa = PBXTargetDependency;
			target = B3C1E05F2A5344AF00342DEF /* firebase-auth-poc */;
			targetProxy = B3C1E0712A5344B000342DEF /* PBXContainerItemProxy */;
		};
		B3C1E07C2A5344B000342DEF /* PBXTargetDependency */ = {
			isa = PBXTargetDependency;
			target = B3C1E05F2A5344AF00342DEF /* firebase-auth-poc */;
			targetProxy = B3C1E07B2A5344B000342DEF /* PBXContainerItemProxy */;
		};
/* End PBXTargetDependency section */

/* Begin XCBuildConfiguration section */
		B3C1E0822A5344B000342DEF /* Debug */ = {
			isa = XCBuildConfiguration;
			buildSettings = {
				ALWAYS_SEARCH_USER_PATHS = NO;
				CLANG_ANALYZER_NONNULL = YES;
				CLANG_ANALYZER_NUMBER_OBJECT_CONVERSION = YES_AGGRESSIVE;
				CLANG_CXX_LANGUAGE_STANDARD = "gnu++20";
				CLANG_ENABLE_MODULES = YES;
				CLANG_ENABLE_OBJC_ARC = YES;
				CLANG_ENABLE_OBJC_WEAK = YES;
				CLANG_WARN_BLOCK_CAPTURE_AUTORELEASING = YES;
				CLANG_WARN_BOOL_CONVERSION = YES;
				CLANG_WARN_COMMA = YES;
				CLANG_WARN_CONSTANT_CONVERSION = YES;
				CLANG_WARN_DEPRECATED_OBJC_IMPLEMENTATIONS = YES;
				CLANG_WARN_DIRECT_OBJC_ISA_USAGE = YES_ERROR;
				CLANG_WARN_DOCUMENTATION_COMMENTS = YES;
				CLANG_WARN_EMPTY_BODY = YES;
				CLANG_WARN_ENUM_CONVERSION = YES;
				CLANG_WARN_INFINITE_RECURSION = YES;
				CLANG_WARN_INT_CONVERSION = YES;
				CLANG_WARN_NON_LITERAL_NULL_CONVERSION = YES;
				CLANG_WARN_OBJC_IMPLICIT_RETAIN_SELF = YES;
				CLANG_WARN_OBJC_LITERAL_CONVERSION = YES;
				CLANG_WARN_OBJC_ROOT_CLASS = YES_ERROR;
				CLANG_WARN_QUOTED_INCLUDE_IN_FRAMEWORK_HEADER = YES;
				CLANG_WARN_RANGE_LOOP_ANALYSIS = YES;
				CLANG_WARN_STRICT_PROTOTYPES = YES;
				CLANG_WARN_SUSPICIOUS_MOVE = YES;
				CLANG_WARN_UNGUARDED_AVAILABILITY = YES_AGGRESSIVE;
				CLANG_WARN_UNREACHABLE_CODE = YES;
				CLANG_WARN__DUPLICATE_METHOD_MATCH = YES;
				COPY_PHASE_STRIP = NO;
				DEBUG_INFORMATION_FORMAT = dwarf;
				ENABLE_STRICT_OBJC_MSGSEND = YES;
				ENABLE_TESTABILITY = YES;
				GCC_C_LANGUAGE_STANDARD = gnu11;
				GCC_DYNAMIC_NO_PIC = NO;
				GCC_NO_COMMON_BLOCKS = YES;
				GCC_OPTIMIZATION_LEVEL = 0;
				GCC_PREPROCESSOR_DEFINITIONS = (
					"DEBUG=1",
					"$(inherited)",
				);
				GCC_WARN_64_TO_32_BIT_CONVERSION = YES;
				GCC_WARN_ABOUT_RETURN_TYPE = YES_ERROR;
				GCC_WARN_UNDECLARED_SELECTOR = YES;
				GCC_WARN_UNINITIALIZED_AUTOS = YES_AGGRESSIVE;
				GCC_WARN_UNUSED_FUNCTION = YES;
				GCC_WARN_UNUSED_VARIABLE = YES;
				IPHONEOS_DEPLOYMENT_TARGET = 16.1;
				MTL_ENABLE_DEBUG_INFO = INCLUDE_SOURCE;
				MTL_FAST_MATH = YES;
				ONLY_ACTIVE_ARCH = YES;
				SDKROOT = iphoneos;
				SWIFT_ACTIVE_COMPILATION_CONDITIONS = DEBUG;
				SWIFT_OPTIMIZATION_LEVEL = "-Onone";
			};
			name = Debug;
		};
		B3C1E0832A5344B000342DEF /* Release */ = {
			isa = XCBuildConfiguration;
			buildSettings = {
				ALWAYS_SEARCH_USER_PATHS = NO;
				CLANG_ANALYZER_NONNULL = YES;
				CLANG_ANALYZER_NUMBER_OBJECT_CONVERSION = YES_AGGRESSIVE;
				CLANG_CXX_LANGUAGE_STANDARD = "gnu++20";
				CLANG_ENABLE_MODULES = YES;
				CLANG_ENABLE_OBJC_ARC = YES;
				CLANG_ENABLE_OBJC_WEAK = YES;
				CLANG_WARN_BLOCK_CAPTURE_AUTORELEASING = YES;
				CLANG_WARN_BOOL_CONVERSION = YES;
				CLANG_WARN_COMMA = YES;
				CLANG_WARN_CONSTANT_CONVERSION = YES;
				CLANG_WARN_DEPRECATED_OBJC_IMPLEMENTATIONS = YES;
				CLANG_WARN_DIRECT_OBJC_ISA_USAGE = YES_ERROR;
				CLANG_WARN_DOCUMENTATION_COMMENTS = YES;
				CLANG_WARN_EMPTY_BODY = YES;
				CLANG_WARN_ENUM_CONVERSION = YES;
				CLANG_WARN_INFINITE_RECURSION = YES;
				CLANG_WARN_INT_CONVERSION = YES;
				CLANG_WARN_NON_LITERAL_NULL_CONVERSION = YES;
				CLANG_WARN_OBJC_IMPLICIT_RETAIN_SELF = YES;
				CLANG_WARN_OBJC_LITERAL_CONVERSION = YES;
				CLANG_WARN_OBJC_ROOT_CLASS = YES_ERROR;
				CLANG_WARN_QUOTED_INCLUDE_IN_FRAMEWORK_HEADER = YES;
				CLANG_WARN_RANGE_LOOP_ANALYSIS = YES;
				CLANG_WARN_STRICT_PROTOTYPES = YES;
				CLANG_WARN_SUSPICIOUS_MOVE = YES;
				CLANG_WARN_UNGUARDED_AVAILABILITY = YES_AGGRESSIVE;
				CLANG_WARN_UNREACHABLE_CODE = YES;
				CLANG_WARN__DUPLICATE_METHOD_MATCH = YES;
				COPY_PHASE_STRIP = NO;
				DEBUG_INFORMATION_FORMAT = "dwarf-with-dsym";
				ENABLE_NS_ASSERTIONS = NO;
				ENABLE_STRICT_OBJC_MSGSEND = YES;
				GCC_C_LANGUAGE_STANDARD = gnu11;
				GCC_NO_COMMON_BLOCKS = YES;
				GCC_WARN_64_TO_32_BIT_CONVERSION = YES;
				GCC_WARN_ABOUT_RETURN_TYPE = YES_ERROR;
				GCC_WARN_UNDECLARED_SELECTOR = YES;
				GCC_WARN_UNINITIALIZED_AUTOS = YES_AGGRESSIVE;
				GCC_WARN_UNUSED_FUNCTION = YES;
				GCC_WARN_UNUSED_VARIABLE = YES;
				IPHONEOS_DEPLOYMENT_TARGET = 16.1;
				MTL_ENABLE_DEBUG_INFO = NO;
				MTL_FAST_MATH = YES;
				SDKROOT = iphoneos;
				SWIFT_COMPILATION_MODE = wholemodule;
				SWIFT_OPTIMIZATION_LEVEL = "-O";
				VALIDATE_PRODUCT = YES;
			};
			name = Release;
		};
		B3C1E0852A5344B000342DEF /* Debug */ = {
			isa = XCBuildConfiguration;
			buildSettings = {
				ASSETCATALOG_COMPILER_APPICON_NAME = AppIcon;
				ASSETCATALOG_COMPILER_GLOBAL_ACCENT_COLOR_NAME = AccentColor;
				CODE_SIGN_STYLE = Automatic;
				CURRENT_PROJECT_VERSION = 1;
				DEVELOPMENT_ASSET_PATHS = "\"firebase-auth-poc/Preview Content\"";
				DEVELOPMENT_TEAM = Y8GQF5LA2N;
				ENABLE_PREVIEWS = YES;
				GENERATE_INFOPLIST_FILE = YES;
				INFOPLIST_KEY_UIApplicationSceneManifest_Generation = YES;
				INFOPLIST_KEY_UIApplicationSupportsIndirectInputEvents = YES;
				INFOPLIST_KEY_UILaunchScreen_Generation = YES;
				INFOPLIST_KEY_UISupportedInterfaceOrientations = UIInterfaceOrientationPortrait;
				INFOPLIST_KEY_UISupportedInterfaceOrientations_iPad = "UIInterfaceOrientationLandscapeLeft UIInterfaceOrientationLandscapeRight UIInterfaceOrientationPortrait UIInterfaceOrientationPortraitUpsideDown";
				IPHONEOS_DEPLOYMENT_TARGET = 15.1;
				LD_RUNPATH_SEARCH_PATHS = (
					"$(inherited)",
					"@executable_path/Frameworks",
				);
				MARKETING_VERSION = 1.0;
				PRODUCT_BUNDLE_IDENTIFIER = "com.sumit.firebase-auth-poc";
				PRODUCT_NAME = "$(TARGET_NAME)";
				SUPPORTED_PLATFORMS = "iphoneos iphonesimulator";
				SUPPORTS_MACCATALYST = NO;
				SUPPORTS_MAC_DESIGNED_FOR_IPHONE_IPAD = NO;
				SWIFT_EMIT_LOC_STRINGS = YES;
				SWIFT_VERSION = 5.0;
				TARGETED_DEVICE_FAMILY = 1;
			};
			name = Debug;
		};
		B3C1E0862A5344B000342DEF /* Release */ = {
			isa = XCBuildConfiguration;
			buildSettings = {
				ASSETCATALOG_COMPILER_APPICON_NAME = AppIcon;
				ASSETCATALOG_COMPILER_GLOBAL_ACCENT_COLOR_NAME = AccentColor;
				CODE_SIGN_STYLE = Automatic;
				CURRENT_PROJECT_VERSION = 1;
				DEVELOPMENT_ASSET_PATHS = "\"firebase-auth-poc/Preview Content\"";
				DEVELOPMENT_TEAM = Y8GQF5LA2N;
				ENABLE_PREVIEWS = YES;
				GENERATE_INFOPLIST_FILE = YES;
				INFOPLIST_KEY_UIApplicationSceneManifest_Generation = YES;
				INFOPLIST_KEY_UIApplicationSupportsIndirectInputEvents = YES;
				INFOPLIST_KEY_UILaunchScreen_Generation = YES;
				INFOPLIST_KEY_UISupportedInterfaceOrientations = UIInterfaceOrientationPortrait;
				INFOPLIST_KEY_UISupportedInterfaceOrientations_iPad = "UIInterfaceOrientationLandscapeLeft UIInterfaceOrientationLandscapeRight UIInterfaceOrientationPortrait UIInterfaceOrientationPortraitUpsideDown";
				IPHONEOS_DEPLOYMENT_TARGET = 15.1;
				LD_RUNPATH_SEARCH_PATHS = (
					"$(inherited)",
					"@executable_path/Frameworks",
				);
				MARKETING_VERSION = 1.0;
				PRODUCT_BUNDLE_IDENTIFIER = "com.sumit.firebase-auth-poc";
				PRODUCT_NAME = "$(TARGET_NAME)";
				SUPPORTED_PLATFORMS = "iphoneos iphonesimulator";
				SUPPORTS_MACCATALYST = NO;
				SUPPORTS_MAC_DESIGNED_FOR_IPHONE_IPAD = NO;
				SWIFT_EMIT_LOC_STRINGS = YES;
				SWIFT_VERSION = 5.0;
				TARGETED_DEVICE_FAMILY = 1;
			};
			name = Release;
		};
		B3C1E0882A5344B000342DEF /* Debug */ = {
			isa = XCBuildConfiguration;
			buildSettings = {
				ALWAYS_EMBED_SWIFT_STANDARD_LIBRARIES = YES;
				BUNDLE_LOADER = "$(TEST_HOST)";
				CODE_SIGN_STYLE = Automatic;
				CURRENT_PROJECT_VERSION = 1;
				DEVELOPMENT_TEAM = Y8GQF5LA2N;
				GENERATE_INFOPLIST_FILE = YES;
				IPHONEOS_DEPLOYMENT_TARGET = 15.1;
				MARKETING_VERSION = 1.0;
				PRODUCT_BUNDLE_IDENTIFIER = "com.sumit.firebase-auth-pocTests";
				PRODUCT_NAME = "$(TARGET_NAME)";
				SUPPORTED_PLATFORMS = "iphoneos iphonesimulator";
				SUPPORTS_MACCATALYST = NO;
				SUPPORTS_MAC_DESIGNED_FOR_IPHONE_IPAD = NO;
				SWIFT_EMIT_LOC_STRINGS = NO;
				SWIFT_VERSION = 5.0;
				TARGETED_DEVICE_FAMILY = 1;
				TEST_HOST = "$(BUILT_PRODUCTS_DIR)/firebase-auth-poc.app/$(BUNDLE_EXECUTABLE_FOLDER_PATH)/firebase-auth-poc";
			};
			name = Debug;
		};
		B3C1E0892A5344B000342DEF /* Release */ = {
			isa = XCBuildConfiguration;
			buildSettings = {
				ALWAYS_EMBED_SWIFT_STANDARD_LIBRARIES = YES;
				BUNDLE_LOADER = "$(TEST_HOST)";
				CODE_SIGN_STYLE = Automatic;
				CURRENT_PROJECT_VERSION = 1;
				DEVELOPMENT_TEAM = Y8GQF5LA2N;
				GENERATE_INFOPLIST_FILE = YES;
				IPHONEOS_DEPLOYMENT_TARGET = 15.1;
				MARKETING_VERSION = 1.0;
				PRODUCT_BUNDLE_IDENTIFIER = "com.sumit.firebase-auth-pocTests";
				PRODUCT_NAME = "$(TARGET_NAME)";
				SUPPORTED_PLATFORMS = "iphoneos iphonesimulator";
				SUPPORTS_MACCATALYST = NO;
				SUPPORTS_MAC_DESIGNED_FOR_IPHONE_IPAD = NO;
				SWIFT_EMIT_LOC_STRINGS = NO;
				SWIFT_VERSION = 5.0;
				TARGETED_DEVICE_FAMILY = 1;
				TEST_HOST = "$(BUILT_PRODUCTS_DIR)/firebase-auth-poc.app/$(BUNDLE_EXECUTABLE_FOLDER_PATH)/firebase-auth-poc";
			};
			name = Release;
		};
		B3C1E08B2A5344B000342DEF /* Debug */ = {
			isa = XCBuildConfiguration;
			buildSettings = {
				ALWAYS_EMBED_SWIFT_STANDARD_LIBRARIES = YES;
				CODE_SIGN_STYLE = Automatic;
				CURRENT_PROJECT_VERSION = 1;
				DEVELOPMENT_TEAM = Y8GQF5LA2N;
				GENERATE_INFOPLIST_FILE = YES;
				IPHONEOS_DEPLOYMENT_TARGET = 15.1;
				MARKETING_VERSION = 1.0;
				PRODUCT_BUNDLE_IDENTIFIER = "com.sumit.firebase-auth-pocUITests";
				PRODUCT_NAME = "$(TARGET_NAME)";
				SUPPORTED_PLATFORMS = "iphoneos iphonesimulator";
				SUPPORTS_MACCATALYST = NO;
				SUPPORTS_MAC_DESIGNED_FOR_IPHONE_IPAD = NO;
				SWIFT_EMIT_LOC_STRINGS = NO;
				SWIFT_VERSION = 5.0;
				TARGETED_DEVICE_FAMILY = 1;
				TEST_TARGET_NAME = "firebase-auth-poc";
			};
			name = Debug;
		};
		B3C1E08C2A5344B000342DEF /* Release */ = {
			isa = XCBuildConfiguration;
			buildSettings = {
				ALWAYS_EMBED_SWIFT_STANDARD_LIBRARIES = YES;
				CODE_SIGN_STYLE = Automatic;
				CURRENT_PROJECT_VERSION = 1;
				DEVELOPMENT_TEAM = Y8GQF5LA2N;
				GENERATE_INFOPLIST_FILE = YES;
				IPHONEOS_DEPLOYMENT_TARGET = 15.1;
				MARKETING_VERSION = 1.0;
				PRODUCT_BUNDLE_IDENTIFIER = "com.sumit.firebase-auth-pocUITests";
				PRODUCT_NAME = "$(TARGET_NAME)";
				SUPPORTED_PLATFORMS = "iphoneos iphonesimulator";
				SUPPORTS_MACCATALYST = NO;
				SUPPORTS_MAC_DESIGNED_FOR_IPHONE_IPAD = NO;
				SWIFT_EMIT_LOC_STRINGS = NO;
				SWIFT_VERSION = 5.0;
				TARGETED_DEVICE_FAMILY = 1;
				TEST_TARGET_NAME = "firebase-auth-poc";
			};
			name = Release;
		};
/* End XCBuildConfiguration section */

/* Begin XCConfigurationList section */
		B3C1E05B2A5344AF00342DEF /* Build configuration list for PBXProject "firebase-auth-poc" */ = {
			isa = XCConfigurationList;
			buildConfigurations = (
				B3C1E0822A5344B000342DEF /* Debug */,
				B3C1E0832A5344B000342DEF /* Release */,
			);
			defaultConfigurationIsVisible = 0;
			defaultConfigurationName = Release;
		};
		B3C1E0842A5344B000342DEF /* Build configuration list for PBXNativeTarget "firebase-auth-poc" */ = {
			isa = XCConfigurationList;
			buildConfigurations = (
				B3C1E0852A5344B000342DEF /* Debug */,
				B3C1E0862A5344B000342DEF /* Release */,
			);
			defaultConfigurationIsVisible = 0;
			defaultConfigurationName = Release;
		};
		B3C1E0872A5344B000342DEF /* Build configuration list for PBXNativeTarget "firebase-auth-pocTests" */ = {
			isa = XCConfigurationList;
			buildConfigurations = (
				B3C1E0882A5344B000342DEF /* Debug */,
				B3C1E0892A5344B000342DEF /* Release */,
			);
			defaultConfigurationIsVisible = 0;
			defaultConfigurationName = Release;
		};
		B3C1E08A2A5344B000342DEF /* Build configuration list for PBXNativeTarget "firebase-auth-pocUITests" */ = {
			isa = XCConfigurationList;
			buildConfigurations = (
				B3C1E08B2A5344B000342DEF /* Debug */,
				B3C1E08C2A5344B000342DEF /* Release */,
			);
			defaultConfigurationIsVisible = 0;
			defaultConfigurationName = Release;
		};
/* End XCConfigurationList section */

/* Begin XCRemoteSwiftPackageReference section */
		B3DBC6F22A541984003FCCC6 /* XCRemoteSwiftPackageReference "firebase-ios-sdk" */ = {
			isa = XCRemoteSwiftPackageReference;
			repositoryURL = "https://github.com/firebase/firebase-ios-sdk.git";
			requirement = {
				kind = upToNextMajorVersion;
				minimumVersion = 10.0.0;
			};
		};
/* End XCRemoteSwiftPackageReference section */

/* Begin XCSwiftPackageProductDependency section */
		B3DBC6F32A541984003FCCC6 /* FirebaseAuth */ = {
			isa = XCSwiftPackageProductDependency;
			package = B3DBC6F22A541984003FCCC6 /* XCRemoteSwiftPackageReference "firebase-ios-sdk" */;
			productName = FirebaseAuth;
		};
		B3DBC6F52A541984003FCCC6 /* FirebaseAuthCombine-Community */ = {
			isa = XCSwiftPackageProductDependency;
			package = B3DBC6F22A541984003FCCC6 /* XCRemoteSwiftPackageReference "firebase-ios-sdk" */;
			productName = "FirebaseAuthCombine-Community";
		};
		B3DBC6F72A541984003FCCC6 /* FirebaseDatabaseSwift */ = {
			isa = XCSwiftPackageProductDependency;
			package = B3DBC6F22A541984003FCCC6 /* XCRemoteSwiftPackageReference "firebase-ios-sdk" */;
			productName = FirebaseDatabaseSwift;
		};
/* End XCSwiftPackageProductDependency section */
	};
	rootObject = B3C1E0582A5344AF00342DEF /* Project object */;
}
